
Microsoft Visual Studio Solution File, Format Version 12.00
Project("{FAE04EC0-301F-11D3-BF4B-00C04F79EFBC}") = "Test3term1", "Test3term1\Test3term1.csproj", "{92824DAD-07B7-4B83-9C39-BD54AFBEB947}"
EndProject
Global
	GlobalSection(SolutionConfigurationPlatforms) = preSolution
		Debug|Any CPU = Debug|Any CPU
		Release|Any CPU = Release|Any CPU
	EndGlobalSection
	GlobalSection(ProjectConfigurationPlatforms) = postSolution
		{92824DAD-07B7-4B83-9C39-BD54AFBEB947}.Debug|Any CPU.ActiveCfg = Debug|Any CPU
		{92824DAD-07B7-4B83-9C39-BD54AFBEB947}.Debug|Any CPU.Build.0 = Debug|Any CPU
		{92824DAD-07B7-4B83-9C39-BD54AFBEB947}.Release|Any CPU.ActiveCfg = Release|Any CPU
		{92824DAD-07B7-4B83-9C39-BD54AFBEB947}.Release|Any CPU.Build.0 = Release|Any CPU
	EndGlobalSection
EndGlobal
